
Microsoft Visual Studio Solution File, Format Version 12.00
# Visual Studio Version 17
VisualStudioVersion = 17.7.33711.374
MinimumVisualStudioVersion = 10.0.40219.1
Project("{9A19103F-16F7-4668-BE54-9A1E7A4F7556}") = "BulkyWeb", "BulkyWeb\BulkyWeb.csproj", "{79C39D99-2446-443F-A0B4-2F1957E37945}"
EndProject
Project("{FAE04EC0-301F-11D3-BF4B-00C04F79EFBC}") = "Bulky.DataAccess", "Bulky.DataAccess\Bulky.DataAccess.csproj", "{58885CCA-C3E3-4F6C-B88D-2BE5408A2C43}"
EndProject
Project("{FAE04EC0-301F-11D3-BF4B-00C04F79EFBC}") = "Bulky.Models", "Bulky.Models\Bulky.Models.csproj", "{2EF92102-5407-432E-8363-D9F04C5831A5}"
EndProject
Project("{FAE04EC0-301F-11D3-BF4B-00C04F79EFBC}") = "Bulky.Utility", "Bulky.Utility\Bulky.Utility.csproj", "{ACCC304E-9AF3-4B53-A968-638C0B211870}"
EndProject
Global
	GlobalSection(SolutionConfigurationPlatforms) = preSolution
		Debug|Any CPU = Debug|Any CPU
		Release|Any CPU = Release|Any CPU
	EndGlobalSection
	GlobalSection(ProjectConfigurationPlatforms) = postSolution
		{79C39D99-2446-443F-A0B4-2F1957E37945}.Debug|Any CPU.ActiveCfg = Debug|Any CPU
		{79C39D99-2446-443F-A0B4-2F1957E37945}.Debug|Any CPU.Build.0 = Debug|Any CPU
		{79C39D99-2446-443F-A0B4-2F1957E37945}.Release|Any CPU.ActiveCfg = Release|Any CPU
		{79C39D99-2446-443F-A0B4-2F1957E37945}.Release|Any CPU.Build.0 = Release|Any CPU
		{58885CCA-C3E3-4F6C-B88D-2BE5408A2C43}.Debug|Any CPU.ActiveCfg = Debug|Any CPU
		{58885CCA-C3E3-4F6C-B88D-2BE5408A2C43}.Debug|Any CPU.Build.0 = Debug|Any CPU
		{58885CCA-C3E3-4F6C-B88D-2BE5408A2C43}.Release|Any CPU.ActiveCfg = Release|Any CPU
		{58885CCA-C3E3-4F6C-B88D-2BE5408A2C43}.Release|Any CPU.Build.0 = Release|Any CPU
		{2EF92102-5407-432E-8363-D9F04C5831A5}.Debug|Any CPU.ActiveCfg = Debug|Any CPU
		{2EF92102-5407-432E-8363-D9F04C5831A5}.Debug|Any CPU.Build.0 = Debug|Any CPU
		{2EF92102-5407-432E-8363-D9F04C5831A5}.Release|Any CPU.ActiveCfg = Release|Any CPU
		{2EF92102-5407-432E-8363-D9F04C5831A5}.Release|Any CPU.Build.0 = Release|Any CPU
		{ACCC304E-9AF3-4B53-A968-638C0B211870}.Debug|Any CPU.ActiveCfg = Debug|Any CPU
		{ACCC304E-9AF3-4B53-A968-638C0B211870}.Debug|Any CPU.Build.0 = Debug|Any CPU
		{ACCC304E-9AF3-4B53-A968-638C0B211870}.Release|Any CPU.ActiveCfg = Release|Any CPU
		{ACCC304E-9AF3-4B53-A968-638C0B211870}.Release|Any CPU.Build.0 = Release|Any CPU
	EndGlobalSection
	GlobalSection(SolutionProperties) = preSolution
		HideSolutionNode = FALSE
	EndGlobalSection
	GlobalSection(ExtensibilityGlobals) = postSolution
		SolutionGuid = {7DBFA4A3-BF54-4DCA-8EFA-F4B73B89D6D5}
	EndGlobalSection
EndGlobal
